
Microsoft Visual Studio Solution File, Format Version 12.00
# Visual Studio Version 16
VisualStudioVersion = 16.0.29009.5
MinimumVisualStudioVersion = 10.0.40219.1
Project("{FAE04EC0-301F-11D3-BF4B-00C04F79EFBC}") = "herencia_2", "herencia_2\herencia_2.csproj", "{7524B3AB-2B21-4738-BF30-34799E18B379}"
EndProject
Global
	GlobalSection(SolutionConfigurationPlatforms) = preSolution
		Debug|Any CPU = Debug|Any CPU
		Release|Any CPU = Release|Any CPU
	EndGlobalSection
	GlobalSection(ProjectConfigurationPlatforms) = postSolution
		{7524B3AB-2B21-4738-BF30-34799E18B379}.Debug|Any CPU.ActiveCfg = Debug|Any CPU
		{7524B3AB-2B21-4738-BF30-34799E18B379}.Debug|Any CPU.Build.0 = Debug|Any CPU
		{7524B3AB-2B21-4738-BF30-34799E18B379}.Release|Any CPU.ActiveCfg = Release|Any CPU
		{7524B3AB-2B21-4738-BF30-34799E18B379}.Release|Any CPU.Build.0 = Release|Any CPU
	EndGlobalSection
	GlobalSection(SolutionProperties) = preSolution
		HideSolutionNode = FALSE
	EndGlobalSection
	GlobalSection(ExtensibilityGlobals) = postSolution
		SolutionGuid = {ECFFD59E-3637-4279-A1F8-630433F12967}
	EndGlobalSection
EndGlobal
