
Microsoft Visual Studio Solution File, Format Version 12.00
# Visual Studio 15
VisualStudioVersion = 15.0.28307.106
MinimumVisualStudioVersion = 10.0.40219.1
Project("{FAE04EC0-301F-11D3-BF4B-00C04F79EFBC}") = "ejercicios", "ejercicios\ejercicios.csproj", "{EAD6B0E1-4208-4272-9C91-901A5306662D}"
EndProject
Global
	GlobalSection(SolutionConfigurationPlatforms) = preSolution
		Debug|Any CPU = Debug|Any CPU
		Release|Any CPU = Release|Any CPU
	EndGlobalSection
	GlobalSection(ProjectConfigurationPlatforms) = postSolution
		{EAD6B0E1-4208-4272-9C91-901A5306662D}.Debug|Any CPU.ActiveCfg = Debug|Any CPU
		{EAD6B0E1-4208-4272-9C91-901A5306662D}.Debug|Any CPU.Build.0 = Debug|Any CPU
		{EAD6B0E1-4208-4272-9C91-901A5306662D}.Release|Any CPU.ActiveCfg = Release|Any CPU
		{EAD6B0E1-4208-4272-9C91-901A5306662D}.Release|Any CPU.Build.0 = Release|Any CPU
	EndGlobalSection
	GlobalSection(SolutionProperties) = preSolution
		HideSolutionNode = FALSE
	EndGlobalSection
	GlobalSection(ExtensibilityGlobals) = postSolution
		SolutionGuid = {12300F2B-5C41-4E1B-8C28-1D05AC8D1445}
	EndGlobalSection
EndGlobal
