
Microsoft Visual Studio Solution File, Format Version 12.00
# Visual Studio Version 16
VisualStudioVersion = 16.0.29009.5
MinimumVisualStudioVersion = 10.0.40219.1
Project("{FAE04EC0-301F-11D3-BF4B-00C04F79EFBC}") = "felinos", "felinos\felinos.csproj", "{4516F615-43BD-4B60-9BDA-EAB5F7DD293C}"
EndProject
Global
	GlobalSection(SolutionConfigurationPlatforms) = preSolution
		Debug|Any CPU = Debug|Any CPU
		Release|Any CPU = Release|Any CPU
	EndGlobalSection
	GlobalSection(ProjectConfigurationPlatforms) = postSolution
		{4516F615-43BD-4B60-9BDA-EAB5F7DD293C}.Debug|Any CPU.ActiveCfg = Debug|Any CPU
		{4516F615-43BD-4B60-9BDA-EAB5F7DD293C}.Debug|Any CPU.Build.0 = Debug|Any CPU
		{4516F615-43BD-4B60-9BDA-EAB5F7DD293C}.Release|Any CPU.ActiveCfg = Release|Any CPU
		{4516F615-43BD-4B60-9BDA-EAB5F7DD293C}.Release|Any CPU.Build.0 = Release|Any CPU
	EndGlobalSection
	GlobalSection(SolutionProperties) = preSolution
		HideSolutionNode = FALSE
	EndGlobalSection
	GlobalSection(ExtensibilityGlobals) = postSolution
		SolutionGuid = {5FCE9951-766F-4A6E-9B19-1365D0C4811B}
	EndGlobalSection
EndGlobal
