
Microsoft Visual Studio Solution File, Format Version 12.00
# Visual Studio 15
VisualStudioVersion = 15.0.28307.106
MinimumVisualStudioVersion = 10.0.40219.1
Project("{FAE04EC0-301F-11D3-BF4B-00C04F79EFBC}") = "MiPrimeraAplicacion", "MiPrimeraAplicacion\MiPrimeraAplicacion.csproj", "{B56AAD55-4DC1-474A-A0F3-094EB4068864}"
EndProject
Global
	GlobalSection(SolutionConfigurationPlatforms) = preSolution
		Debug|Any CPU = Debug|Any CPU
		Release|Any CPU = Release|Any CPU
	EndGlobalSection
	GlobalSection(ProjectConfigurationPlatforms) = postSolution
		{B56AAD55-4DC1-474A-A0F3-094EB4068864}.Debug|Any CPU.ActiveCfg = Debug|Any CPU
		{B56AAD55-4DC1-474A-A0F3-094EB4068864}.Debug|Any CPU.Build.0 = Debug|Any CPU
		{B56AAD55-4DC1-474A-A0F3-094EB4068864}.Release|Any CPU.ActiveCfg = Release|Any CPU
		{B56AAD55-4DC1-474A-A0F3-094EB4068864}.Release|Any CPU.Build.0 = Release|Any CPU
	EndGlobalSection
	GlobalSection(SolutionProperties) = preSolution
		HideSolutionNode = FALSE
	EndGlobalSection
	GlobalSection(ExtensibilityGlobals) = postSolution
		SolutionGuid = {B0A37039-8B6A-466D-9026-85406EB75329}
	EndGlobalSection
EndGlobal
