
Microsoft Visual Studio Solution File, Format Version 12.00
# Visual Studio Version 16
VisualStudioVersion = 16.0.29215.179
MinimumVisualStudioVersion = 10.0.40219.1
Project("{FAE04EC0-301F-11D3-BF4B-00C04F79EFBC}") = "PrimeraWebAPI_6", "PrimeraWebAPI_6\PrimeraWebAPI_6.csproj", "{98CD65C7-AAF0-4DCD-9EEC-810E73DBAC34}"
EndProject
Global
	GlobalSection(SolutionConfigurationPlatforms) = preSolution
		Debug|Any CPU = Debug|Any CPU
		Release|Any CPU = Release|Any CPU
	EndGlobalSection
	GlobalSection(ProjectConfigurationPlatforms) = postSolution
		{98CD65C7-AAF0-4DCD-9EEC-810E73DBAC34}.Debug|Any CPU.ActiveCfg = Debug|Any CPU
		{98CD65C7-AAF0-4DCD-9EEC-810E73DBAC34}.Debug|Any CPU.Build.0 = Debug|Any CPU
		{98CD65C7-AAF0-4DCD-9EEC-810E73DBAC34}.Release|Any CPU.ActiveCfg = Release|Any CPU
		{98CD65C7-AAF0-4DCD-9EEC-810E73DBAC34}.Release|Any CPU.Build.0 = Release|Any CPU
	EndGlobalSection
	GlobalSection(SolutionProperties) = preSolution
		HideSolutionNode = FALSE
	EndGlobalSection
	GlobalSection(ExtensibilityGlobals) = postSolution
		SolutionGuid = {EDD08FE6-26DA-44D5-98F4-9B171FBA4B06}
	EndGlobalSection
EndGlobal
