
Microsoft Visual Studio Solution File, Format Version 12.00
# Visual Studio 15
VisualStudioVersion = 15.0.28307.106
MinimumVisualStudioVersion = 10.0.40219.1
Project("{FAE04EC0-301F-11D3-BF4B-00C04F79EFBC}") = "for", "for\for.csproj", "{0D0EA4C2-8E7B-480B-9F67-94E5C8EBF72A}"
EndProject
Global
	GlobalSection(SolutionConfigurationPlatforms) = preSolution
		Debug|Any CPU = Debug|Any CPU
		Release|Any CPU = Release|Any CPU
	EndGlobalSection
	GlobalSection(ProjectConfigurationPlatforms) = postSolution
		{0D0EA4C2-8E7B-480B-9F67-94E5C8EBF72A}.Debug|Any CPU.ActiveCfg = Debug|Any CPU
		{0D0EA4C2-8E7B-480B-9F67-94E5C8EBF72A}.Debug|Any CPU.Build.0 = Debug|Any CPU
		{0D0EA4C2-8E7B-480B-9F67-94E5C8EBF72A}.Release|Any CPU.ActiveCfg = Release|Any CPU
		{0D0EA4C2-8E7B-480B-9F67-94E5C8EBF72A}.Release|Any CPU.Build.0 = Release|Any CPU
	EndGlobalSection
	GlobalSection(SolutionProperties) = preSolution
		HideSolutionNode = FALSE
	EndGlobalSection
	GlobalSection(ExtensibilityGlobals) = postSolution
		SolutionGuid = {15F76B64-69E4-409F-BDF5-B499BFF56CC3}
	EndGlobalSection
EndGlobal
